// !$*UTF8*$!
{
	archiveVersion = 1;
	classes = {
	};
	objectVersion = 46;
	objects = {

/* Begin PBXBuildFile section */
		01D9D57A1F7592F600B59080 /* main.m in Sources */ = {isa = PBXBuildFile; fileRef = 01D9D5791F7592F600B59080 /* main.m */; };
		01D9D57D1F7592F600B59080 /* AppDelegate.m in Sources */ = {isa = PBXBuildFile; fileRef = 01D9D57C1F7592F600B59080 /* AppDelegate.m */; };
		01D9D5831F7592F600B59080 /* Main.storyboard in Resources */ = {isa = PBXBuildFile; fileRef = 01D9D5811F7592F600B59080 /* Main.storyboard */; };
		01D9D5851F7592F600B59080 /* Assets.xcassets in Resources */ = {isa = PBXBuildFile; fileRef = 01D9D5841F7592F600B59080 /* Assets.xcassets */; };
		01D9D5881F7592F600B59080 /* LaunchScreen.storyboard in Resources */ = {isa = PBXBuildFile; fileRef = 01D9D5861F7592F600B59080 /* LaunchScreen.storyboard */; };
		01FB73CD1F759CC40067969F /* StoryPartViewController.m in Sources */ = {isa = PBXBuildFile; fileRef = 01FB73CC1F759CC40067969F /* StoryPartViewController.m */; };
		01FB73D01F75A01B0067969F /* PageData.m in Sources */ = {isa = PBXBuildFile; fileRef = 01FB73CF1F75A01B0067969F /* PageData.m */; };
		01FB73D61F75B72C0067969F /* PageHandlerViewController.m in Sources */ = {isa = PBXBuildFile; fileRef = 01FB73D51F75B72C0067969F /* PageHandlerViewController.m */; };
/* End PBXBuildFile section */

/* Begin PBXFileReference section */
		01D9D5751F7592F600B59080 /* AVStoryBook.app */ = {isa = PBXFileReference; explicitFileType = wrapper.application; includeInIndex = 0; path = AVStoryBook.app; sourceTree = BUILT_PRODUCTS_DIR; };
		01D9D5791F7592F600B59080 /* main.m */ = {isa = PBXFileReference; lastKnownFileType = sourcecode.c.objc; path = main.m; sourceTree = "<group>"; };
		01D9D57B1F7592F600B59080 /* AppDelegate.h */ = {isa = PBXFileReference; lastKnownFileType = sourcecode.c.h; path = AppDelegate.h; sourceTree = "<group>"; };
		01D9D57C1F7592F600B59080 /* AppDelegate.m */ = {isa = PBXFileReference; lastKnownFileType = sourcecode.c.objc; path = AppDelegate.m; sourceTree = "<group>"; };
		01D9D5821F7592F600B59080 /* Base */ = {isa = PBXFileReference; lastKnownFileType = file.storyboard; name = Base; path = Base.lproj/Main.storyboard; sourceTree = "<group>"; };
		01D9D5841F7592F600B59080 /* Assets.xcassets */ = {isa = PBXFileReference; lastKnownFileType = folder.assetcatalog; path = Assets.xcassets; sourceTree = "<group>"; };
		01D9D5871F7592F600B59080 /* Base */ = {isa = PBXFileReference; lastKnownFileType = file.storyboard; name = Base; path = Base.lproj/LaunchScreen.storyboard; sourceTree = "<group>"; };
		01D9D5891F7592F600B59080 /* Info.plist */ = {isa = PBXFileReference; lastKnownFileType = text.plist.xml; path = Info.plist; sourceTree = "<group>"; };
		01FB73CB1F759CC40067969F /* StoryPartViewController.h */ = {isa = PBXFileReference; fileEncoding = 4; lastKnownFileType = sourcecode.c.h; path = StoryPartViewController.h; sourceTree = "<group>"; };
		01FB73CC1F759CC40067969F /* StoryPartViewController.m */ = {isa = PBXFileReference; fileEncoding = 4; lastKnownFileType = sourcecode.c.objc; path = StoryPartViewController.m; sourceTree = "<group>"; };
		01FB73CE1F75A01B0067969F /* PageData.h */ = {isa = PBXFileReference; fileEncoding = 4; lastKnownFileType = sourcecode.c.h; path = PageData.h; sourceTree = "<group>"; };
		01FB73CF1F75A01B0067969F /* PageData.m */ = {isa = PBXFileReference; fileEncoding = 4; lastKnownFileType = sourcecode.c.objc; path = PageData.m; sourceTree = "<group>"; };
		01FB73D41F75B72C0067969F /* PageHandlerViewController.h */ = {isa = PBXFileReference; fileEncoding = 4; lastKnownFileType = sourcecode.c.h; path = PageHandlerViewController.h; sourceTree = "<group>"; };
		01FB73D51F75B72C0067969F /* PageHandlerViewController.m */ = {isa = PBXFileReference; fileEncoding = 4; lastKnownFileType = sourcecode.c.objc; path = PageHandlerViewController.m; sourceTree = "<group>"; };
/* End PBXFileReference section */

/* Begin PBXFrameworksBuildPhase section */
		01D9D5721F7592F600B59080 /* Frameworks */ = {
			isa = PBXFrameworksBuildPhase;
			buildActionMask = 2147483647;
			files = (
			);
			runOnlyForDeploymentPostprocessing = 0;
		};
/* End PBXFrameworksBuildPhase section */

/* Begin PBXGroup section */
		01D9D56C1F7592F600B59080 = {
			isa = PBXGroup;
			children = (
				01D9D5771F7592F600B59080 /* AVStoryBook */,
				01D9D5761F7592F600B59080 /* Products */,
			);
			sourceTree = "<group>";
		};
		01D9D5761F7592F600B59080 /* Products */ = {
			isa = PBXGroup;
			children = (
				01D9D5751F7592F600B59080 /* AVStoryBook.app */,
			);
			name = Products;
			sourceTree = "<group>";
		};
		01D9D5771F7592F600B59080 /* AVStoryBook */ = {
			isa = PBXGroup;
			children = (
				01FB73D31F75A02C0067969F /* Controller */,
				01FB73D21F75A0260067969F /* View */,
				01FB73D11F75A0200067969F /* Model */,
				01D9D5781F7592F600B59080 /* Supporting Files */,
			);
			path = AVStoryBook;
			sourceTree = "<group>";
		};
		01D9D5781F7592F600B59080 /* Supporting Files */ = {
			isa = PBXGroup;
			children = (
				01D9D5841F7592F600B59080 /* Assets.xcassets */,
				01D9D5861F7592F600B59080 /* LaunchScreen.storyboard */,
				01D9D5891F7592F600B59080 /* Info.plist */,
				01D9D57B1F7592F600B59080 /* AppDelegate.h */,
				01D9D57C1F7592F600B59080 /* AppDelegate.m */,
				01D9D5791F7592F600B59080 /* main.m */,
			);
			name = "Supporting Files";
			sourceTree = "<group>";
		};
		01FB73D11F75A0200067969F /* Model */ = {
			isa = PBXGroup;
			children = (
				01FB73CE1F75A01B0067969F /* PageData.h */,
				01FB73CF1F75A01B0067969F /* PageData.m */,
			);
			name = Model;
			sourceTree = "<group>";
		};
		01FB73D21F75A0260067969F /* View */ = {
			isa = PBXGroup;
			children = (
				01D9D5811F7592F600B59080 /* Main.storyboard */,
			);
			name = View;
			sourceTree = "<group>";
		};
		01FB73D31F75A02C0067969F /* Controller */ = {
			isa = PBXGroup;
			children = (
				01FB73CB1F759CC40067969F /* StoryPartViewController.h */,
				01FB73CC1F759CC40067969F /* StoryPartViewController.m */,
				01FB73D41F75B72C0067969F /* PageHandlerViewController.h */,
				01FB73D51F75B72C0067969F /* PageHandlerViewController.m */,
			);
			name = Controller;
			sourceTree = "<group>";
		};
/* End PBXGroup section */

/* Begin PBXNativeTarget section */
		01D9D5741F7592F600B59080 /* AVStoryBook */ = {
			isa = PBXNativeTarget;
			buildConfigurationList = 01D9D58C1F7592F600B59080 /* Build configuration list for PBXNativeTarget "AVStoryBook" */;
			buildPhases = (
				01D9D5711F7592F600B59080 /* Sources */,
				01D9D5721F7592F600B59080 /* Frameworks */,
				01D9D5731F7592F600B59080 /* Resources */,
			);
			buildRules = (
			);
			dependencies = (
			);
			name = AVStoryBook;
			productName = AVStoryBook;
			productReference = 01D9D5751F7592F600B59080 /* AVStoryBook.app */;
			productType = "com.apple.product-type.application";
		};
/* End PBXNativeTarget section */

/* Begin PBXProject section */
		01D9D56D1F7592F600B59080 /* Project object */ = {
			isa = PBXProject;
			attributes = {
				LastUpgradeCheck = 0830;
				ORGANIZATIONNAME = "Nicolas Guerrero";
				TargetAttributes = {
					01D9D5741F7592F600B59080 = {
						CreatedOnToolsVersion = 8.3.3;
						ProvisioningStyle = Automatic;
					};
				};
			};
			buildConfigurationList = 01D9D5701F7592F600B59080 /* Build configuration list for PBXProject "AVStoryBook" */;
			compatibilityVersion = "Xcode 3.2";
			developmentRegion = English;
			hasScannedForEncodings = 0;
			knownRegions = (
				en,
				Base,
			);
			mainGroup = 01D9D56C1F7592F600B59080;
			productRefGroup = 01D9D5761F7592F600B59080 /* Products */;
			projectDirPath = "";
			projectRoot = "";
			targets = (
				01D9D5741F7592F600B59080 /* AVStoryBook */,
			);
		};
/* End PBXProject section */

/* Begin PBXResourcesBuildPhase section */
		01D9D5731F7592F600B59080 /* Resources */ = {
			isa = PBXResourcesBuildPhase;
			buildActionMask = 2147483647;
			files = (
				01D9D5881F7592F600B59080 /* LaunchScreen.storyboard in Resources */,
				01D9D5851F7592F600B59080 /* Assets.xcassets in Resources */,
				01D9D5831F7592F600B59080 /* Main.storyboard in Resources */,
			);
			runOnlyForDeploymentPostprocessing = 0;
		};
/* End PBXResourcesBuildPhase section */

/* Begin PBXSourcesBuildPhase section */
		01D9D5711F7592F600B59080 /* Sources */ = {
			isa = PBXSourcesBuildPhase;
			buildActionMask = 2147483647;
			files = (
				01FB73D01F75A01B0067969F /* PageData.m in Sources */,
				01FB73D61F75B72C0067969F /* PageHandlerViewController.m in Sources */,
				01D9D57D1F7592F600B59080 /* AppDelegate.m in Sources */,
				01D9D57A1F7592F600B59080 /* main.m in Sources */,
				01FB73CD1F759CC40067969F /* StoryPartViewController.m in Sources */,
			);
			runOnlyForDeploymentPostprocessing = 0;
		};
/* End PBXSourcesBuildPhase section */

/* Begin PBXVariantGroup section */
		01D9D5811F7592F600B59080 /* Main.storyboard */ = {
			isa = PBXVariantGroup;
			children = (
				01D9D5821F7592F600B59080 /* Base */,
			);
			name = Main.storyboard;
			sourceTree = "<group>";
		};
		01D9D5861F7592F600B59080 /* LaunchScreen.storyboard */ = {
			isa = PBXVariantGroup;
			children = (
				01D9D5871F7592F600B59080 /* Base */,
			);
			name = LaunchScreen.storyboard;
			sourceTree = "<group>";
		};
/* End PBXVariantGroup section */

/* Begin XCBuildConfiguration section */
		01D9D58A1F7592F600B59080 /* Debug */ = {
			isa = XCBuildConfiguration;
			buildSettings = {
				ALWAYS_SEARCH_USER_PATHS = NO;
				CLANG_ANALYZER_NONNULL = YES;
				CLANG_ANALYZER_NUMBER_OBJECT_CONVERSION = YES_AGGRESSIVE;
				CLANG_CXX_LANGUAGE_STANDARD = "gnu++0x";
				CLANG_CXX_LIBRARY = "libc++";
				CLANG_ENABLE_MODULES = YES;
				CLANG_ENABLE_OBJC_ARC = YES;
				CLANG_WARN_BOOL_CONVERSION = YES;
				CLANG_WARN_CONSTANT_CONVERSION = YES;
				CLANG_WARN_DIRECT_OBJC_ISA_USAGE = YES_ERROR;
				CLANG_WARN_DOCUMENTATION_COMMENTS = YES;
				CLANG_WARN_EMPTY_BODY = YES;
				CLANG_WARN_ENUM_CONVERSION = YES;
				CLANG_WARN_INFINITE_RECURSION = YES;
				CLANG_WARN_INT_CONVERSION = YES;
				CLANG_WARN_OBJC_ROOT_CLASS = YES_ERROR;
				CLANG_WARN_SUSPICIOUS_MOVE = YES;
				CLANG_WARN_UNREACHABLE_CODE = YES;
				CLANG_WARN__DUPLICATE_METHOD_MATCH = YES;
				"CODE_SIGN_IDENTITY[sdk=iphoneos*]" = "iPhone Developer";
				COPY_PHASE_STRIP = NO;
				DEBUG_INFORMATION_FORMAT = dwarf;
				ENABLE_STRICT_OBJC_MSGSEND = YES;
				ENABLE_TESTABILITY = YES;
				GCC_C_LANGUAGE_STANDARD = gnu99;
				GCC_DYNAMIC_NO_PIC = NO;
				GCC_NO_COMMON_BLOCKS = YES;
				GCC_OPTIMIZATION_LEVEL = 0;
				GCC_PREPROCESSOR_DEFINITIONS = (
					"DEBUG=1",
					"$(inherited)",
				);
				GCC_WARN_64_TO_32_BIT_CONVERSION = YES;
				GCC_WARN_ABOUT_RETURN_TYPE = YES_ERROR;
				GCC_WARN_UNDECLARED_SELECTOR = YES;
				GCC_WARN_UNINITIALIZED_AUTOS = YES_AGGRESSIVE;
				GCC_WARN_UNUSED_FUNCTION = YES;
				GCC_WARN_UNUSED_VARIABLE = YES;
				IPHONEOS_DEPLOYMENT_TARGET = 10.3;
				MTL_ENABLE_DEBUG_INFO = YES;
				ONLY_ACTIVE_ARCH = YES;
				SDKROOT = iphoneos;
				TARGETED_DEVICE_FAMILY = "1,2";
			};
			name = Debug;
		};
		01D9D58B1F7592F600B59080 /* Release */ = {
			isa = XCBuildConfiguration;
			buildSettings = {
				ALWAYS_SEARCH_USER_PATHS = NO;
				CLANG_ANALYZER_NONNULL = YES;
				CLANG_ANALYZER_NUMBER_OBJECT_CONVERSION = YES_AGGRESSIVE;
				CLANG_CXX_LANGUAGE_STANDARD = "gnu++0x";
				CLANG_CXX_LIBRARY = "libc++";
				CLANG_ENABLE_MODULES = YES;
				CLANG_ENABLE_OBJC_ARC = YES;
				CLANG_WARN_BOOL_CONVERSION = YES;
				CLANG_WARN_CONSTANT_CONVERSION = YES;
				CLANG_WARN_DIRECT_OBJC_ISA_USAGE = YES_ERROR;
				CLANG_WARN_DOCUMENTATION_COMMENTS = YES;
				CLANG_WARN_EMPTY_BODY = YES;
				CLANG_WARN_ENUM_CONVERSION = YES;
				CLANG_WARN_INFINITE_RECURSION = YES;
				CLANG_WARN_INT_CONVERSION = YES;
				CLANG_WARN_OBJC_ROOT_CLASS = YES_ERROR;
				CLANG_WARN_SUSPICIOUS_MOVE = YES;
				CLANG_WARN_UNREACHABLE_CODE = YES;
				CLANG_WARN__DUPLICATE_METHOD_MATCH = YES;
				"CODE_SIGN_IDENTITY[sdk=iphoneos*]" = "iPhone Developer";
				COPY_PHASE_STRIP = NO;
				DEBUG_INFORMATION_FORMAT = "dwarf-with-dsym";
				ENABLE_NS_ASSERTIONS = NO;
				ENABLE_STRICT_OBJC_MSGSEND = YES;
				GCC_C_LANGUAGE_STANDARD = gnu99;
				GCC_NO_COMMON_BLOCKS = YES;
				GCC_WARN_64_TO_32_BIT_CONVERSION = YES;
				GCC_WARN_ABOUT_RETURN_TYPE = YES_ERROR;
				GCC_WARN_UNDECLARED_SELECTOR = YES;
				GCC_WARN_UNINITIALIZED_AUTOS = YES_AGGRESSIVE;
				GCC_WARN_UNUSED_FUNCTION = YES;
				GCC_WARN_UNUSED_VARIABLE = YES;
				IPHONEOS_DEPLOYMENT_TARGET = 10.3;
				MTL_ENABLE_DEBUG_INFO = NO;
				SDKROOT = iphoneos;
				TARGETED_DEVICE_FAMILY = "1,2";
				VALIDATE_PRODUCT = YES;
			};
			name = Release;
		};
		01D9D58D1F7592F600B59080 /* Debug */ = {
			isa = XCBuildConfiguration;
			buildSettings = {
				ASSETCATALOG_COMPILER_APPICON_NAME = AppIcon;
				INFOPLIST_FILE = AVStoryBook/Info.plist;
				LD_RUNPATH_SEARCH_PATHS = "$(inherited) @executable_path/Frameworks";
				PRODUCT_BUNDLE_IDENTIFIER = com.nickguerrero.AVStoryBook;
				PRODUCT_NAME = "$(TARGET_NAME)";
			};
			name = Debug;
		};
		01D9D58E1F7592F600B59080 /* Release */ = {
			isa = XCBuildConfiguration;
			buildSettings = {
				ASSETCATALOG_COMPILER_APPICON_NAME = AppIcon;
				INFOPLIST_FILE = AVStoryBook/Info.plist;
				LD_RUNPATH_SEARCH_PATHS = "$(inherited) @executable_path/Frameworks";
				PRODUCT_BUNDLE_IDENTIFIER = com.nickguerrero.AVStoryBook;
				PRODUCT_NAME = "$(TARGET_NAME)";
			};
			name = Release;
		};
/* End XCBuildConfiguration section */

/* Begin XCConfigurationList section */
		01D9D5701F7592F600B59080 /* Build configuration list for PBXProject "AVStoryBook" */ = {
			isa = XCConfigurationList;
			buildConfigurations = (
				01D9D58A1F7592F600B59080 /* Debug */,
				01D9D58B1F7592F600B59080 /* Release */,
			);
			defaultConfigurationIsVisible = 0;
			defaultConfigurationName = Release;
		};
		01D9D58C1F7592F600B59080 /* Build configuration list for PBXNativeTarget "AVStoryBook" */ = {
			isa = XCConfigurationList;
			buildConfigurations = (
				01D9D58D1F7592F600B59080 /* Debug */,
				01D9D58E1F7592F600B59080 /* Release */,
			);
			defaultConfigurationIsVisible = 0;
			defaultConfigurationName = Release;
		};
/* End XCConfigurationList section */
	};
	rootObject = 01D9D56D1F7592F600B59080 /* Project object */;
}
